
Microsoft Visual Studio Solution File, Format Version 12.00
# Visual Studio Version 16
VisualStudioVersion = 16.0.30621.155
MinimumVisualStudioVersion = 10.0.40219.1
Project("{FAE04EC0-301F-11D3-BF4B-00C04F79EFBC}") = "Yard_Check", "Yard_Check\Yard_Check.csproj", "{F8C65C7D-9E62-40D5-868B-1C8E928540C6}"
EndProject
Global
	GlobalSection(SolutionConfigurationPlatforms) = preSolution
		Debug|Any CPU = Debug|Any CPU
		Release|Any CPU = Release|Any CPU
	EndGlobalSection
	GlobalSection(ProjectConfigurationPlatforms) = postSolution
		{F8C65C7D-9E62-40D5-868B-1C8E928540C6}.Debug|Any CPU.ActiveCfg = Debug|Any CPU
		{F8C65C7D-9E62-40D5-868B-1C8E928540C6}.Debug|Any CPU.Build.0 = Debug|Any CPU
		{F8C65C7D-9E62-40D5-868B-1C8E928540C6}.Release|Any CPU.ActiveCfg = Release|Any CPU
		{F8C65C7D-9E62-40D5-868B-1C8E928540C6}.Release|Any CPU.Build.0 = Release|Any CPU
	EndGlobalSection
	GlobalSection(SolutionProperties) = preSolution
		HideSolutionNode = FALSE
	EndGlobalSection
	GlobalSection(ExtensibilityGlobals) = postSolution
		SolutionGuid = {7DB84333-6133-4314-B624-8B209F8E1C16}
	EndGlobalSection
EndGlobal
